
Microsoft Visual Studio Solution File, Format Version 12.00
# Visual Studio 15
Project("{FAE04EC0-301F-11D3-BF4B-00C04F79EFBC}") = "Assembly-CSharp", "Assembly-CSharp.csproj", "{BE92D3EE-3C69-9105-408C-AF8FE3C52ABE}"
EndProject
Global
	GlobalSection(SolutionConfigurationPlatforms) = preSolution
		Debug|Any CPU = Debug|Any CPU
		Release|Any CPU = Release|Any CPU
	EndGlobalSection
	GlobalSection(ProjectConfigurationPlatforms) = postSolution
		{BE92D3EE-3C69-9105-408C-AF8FE3C52ABE}.Debug|Any CPU.ActiveCfg = Debug|Any CPU
		{BE92D3EE-3C69-9105-408C-AF8FE3C52ABE}.Debug|Any CPU.Build.0 = Debug|Any CPU
		{BE92D3EE-3C69-9105-408C-AF8FE3C52ABE}.Release|Any CPU.ActiveCfg = Release|Any CPU
		{BE92D3EE-3C69-9105-408C-AF8FE3C52ABE}.Release|Any CPU.Build.0 = Release|Any CPU
	EndGlobalSection
	GlobalSection(SolutionProperties) = preSolution
		HideSolutionNode = FALSE
	EndGlobalSection
EndGlobal
